version = 1
revision = 3
requires-python = ">=3.14"

[[package]]
name = "dallal"
version = "0.1.0"
source = { virtual = "." }

[package.dev-dependencies]
dev = [
    { name = "ruff" },
    { name = "ty" },
]

[package.metadata]

[package.metadata.requires-dev]
dev = [
    { name = "ruff", specifier = ">=0.14.13" },
    { name = "ty", specifier = ">=0.0.12" },
]

[[package]]
name = "ruff"
version = "0.15.4"
source = { registry = "https://pypi.org/simple" }
sdist = { url = "https://files.pythonhosted.org/packages/da/31/d6e536cdebb6568ae75a7f00e4b4819ae0ad2640c3604c305a0428680b0c/ruff-0.15.4.tar.gz", hash = "sha256:3412195319e42d634470cc97aa9803d07e9d5c9223b99bcb1518f0c725f26ae1", size = 4569550, upload-time = "2026-02-26T20:04:14.959Z" }
wheels = [
    { url = "https://files.pythonhosted.org/packages/f2/82/c11a03cfec3a4d26a0ea1e571f0f44be5993b923f905eeddfc397c13d360/ruff-0.15.4-py3-none-linux_armv6l.whl", hash = "sha256:a1810931c41606c686bae8b5b9a8072adac2f611bb433c0ba476acba17a332e0", size = 10453333, upload-time = "2026-02-26T20:04:20.093Z" },
    { url = "https://files.pythonhosted.org/packages/ce/5d/6a1f271f6e31dffb31855996493641edc3eef8077b883eaf007a2f1c2976/ruff-0.15.4-py3-none-macosx_10_12_x86_64.whl", hash = "sha256:5a1632c66672b8b4d3e1d1782859e98d6e0b4e70829530666644286600a33992", size = 10853356, upload-time = "2026-02-26T20:04:05.808Z" },
    { url = "https://files.pythonhosted.org/packages/b1/d8/0fab9f8842b83b1a9c2bf81b85063f65e93fb512e60effa95b0be49bfc54/ruff-0.15.4-py3-none-macosx_11_0_arm64.whl", hash = "sha256:a4386ba2cd6c0f4ff75252845906acc7c7c8e1ac567b7bc3d373686ac8c222ba", size = 10187434, upload-time = "2026-02-26T20:03:54.656Z" },
    { url = "https://files.pythonhosted.org/packages/85/cc/cc220fd9394eff5db8d94dec199eec56dd6c9f3651d8869d024867a91030/ruff-0.15.4-py3-none-manylinux_2_17_aarch64.manylinux2014_aarch64.whl", hash = "sha256:b2496488bdfd3732747558b6f95ae427ff066d1fcd054daf75f5a50674411e75", size = 10535456, upload-time = "2026-02-26T20:03:52.738Z" },
    { url = "https://files.pythonhosted.org/packages/fa/0f/bced38fa5cf24373ec767713c8e4cadc90247f3863605fb030e597878661/ruff-0.15.4-py3-none-manylinux_2_17_armv7l.manylinux2014_armv7l.whl", hash = "sha256:3f1c4893841ff2d54cbda1b2860fa3260173df5ddd7b95d370186f8a5e66a4ac", size = 10287772, upload-time = "2026-02-26T20:04:08.138Z" },
    { url = "https://files.pythonhosted.org/packages/2b/90/58a1802d84fed15f8f281925b21ab3cecd813bde52a8ca033a4de8ab0e7a/ruff-0.15.4-py3-none-manylinux_2_17_i686.manylinux2014_i686.whl", hash = "sha256:820b8766bd65503b6c30aaa6331e8ef3a6e564f7999c844e9a547c40179e440a", size = 11049051, upload-time = "2026-02-26T20:04:03.53Z" },
    { url = "https://files.pythonhosted.org/packages/d2/ac/b7ad36703c35f3866584564dc15f12f91cb1a26a897dc2fd13d7cb3ae1af/ruff-0.15.4-py3-none-manylinux_2_17_ppc64le.manylinux2014_ppc64le.whl", hash = "sha256:c9fb74bab47139c1751f900f857fa503987253c3ef89129b24ed375e72873e85", size = 11890494, upload-time = "2026-02-26T20:04:10.497Z" },
    { url = "https://files.pythonhosted.org/packages/93/3d/3eb2f47a39a8b0da99faf9c54d3eb24720add1e886a5309d4d1be73a6380/ruff-0.15.4-py3-none-manylinux_2_17_s390x.manylinux2014_s390x.whl", hash = "sha256:f80c98765949c518142b3a50a5db89343aa90f2c2bf7799de9986498ae6176db", size = 11326221, upload-time = "2026-02-26T20:04:12.84Z" },
    { url = "https://files.pythonhosted.org/packages/ff/90/bf134f4c1e5243e62690e09d63c55df948a74084c8ac3e48a88468314da6/ruff-0.15.4-py3-none-manylinux_2_17_x86_64.manylinux2014_x86_64.whl", hash = "sha256:451a2e224151729b3b6c9ffb36aed9091b2996fe4bdbd11f47e27d8f2e8888ec", size = 11168459, upload-time = "2026-02-26T20:04:00.969Z" },
    { url = "https://files.pythonhosted.org/packages/b5/e5/a64d27688789b06b5d55162aafc32059bb8c989c61a5139a36e1368285eb/ruff-0.15.4-py3-none-manylinux_2_31_riscv64.whl", hash = "sha256:a8f157f2e583c513c4f5f896163a93198297371f34c04220daf40d133fdd4f7f", size = 11104366, upload-time = "2026-02-26T20:03:48.099Z" },
    { url = "https://files.pythonhosted.org/packages/f1/f6/32d1dcb66a2559763fc3027bdd65836cad9eb09d90f2ed6a63d8e9252b02/ruff-0.15.4-py3-none-musllinux_1_2_aarch64.whl", hash = "sha256:917cc68503357021f541e69b35361c99387cdbbf99bd0ea4aa6f28ca99ff5338", size = 10510887, upload-time = "2026-02-26T20:03:45.771Z" },
    { url = "https://files.pythonhosted.org/packages/ff/92/22d1ced50971c5b6433aed166fcef8c9343f567a94cf2b9d9089f6aa80fe/ruff-0.15.4-py3-none-musllinux_1_2_armv7l.whl", hash = "sha256:e9737c8161da79fd7cfec19f1e35620375bd8b2a50c3e77fa3d2c16f574105cc", size = 10285939, upload-time = "2026-02-26T20:04:22.42Z" },
    { url = "https://files.pythonhosted.org/packages/e6/f4/7c20aec3143837641a02509a4668fb146a642fd1211846634edc17eb5563/ruff-0.15.4-py3-none-musllinux_1_2_i686.whl", hash = "sha256:291258c917539e18f6ba40482fe31d6f5ac023994ee11d7bdafd716f2aab8a68", size = 10765471, upload-time = "2026-02-26T20:03:58.924Z" },
    { url = "https://files.pythonhosted.org/packages/d0/09/6d2f7586f09a16120aebdff8f64d962d7c4348313c77ebb29c566cefc357/ruff-0.15.4-py3-none-musllinux_1_2_x86_64.whl", hash = "sha256:3f83c45911da6f2cd5936c436cf86b9f09f09165f033a99dcf7477e34041cbc3", size = 11263382, upload-time = "2026-02-26T20:04:24.424Z" },
    { url = "https://files.pythonhosted.org/packages/1b/fa/2ef715a1cd329ef47c1a050e10dee91a9054b7ce2fcfdd6a06d139afb7ec/ruff-0.15.4-py3-none-win32.whl", hash = "sha256:65594a2d557d4ee9f02834fcdf0a28daa8b3b9f6cb2cb93846025a36db47ef22", size = 10506664, upload-time = "2026-02-26T20:03:50.56Z" },
    { url = "https://files.pythonhosted.org/packages/d0/a8/c688ef7e29983976820d18710f955751d9f4d4eb69df658af3d006e2ba3e/ruff-0.15.4-py3-none-win_amd64.whl", hash = "sha256:04196ad44f0df220c2ece5b0e959c2f37c777375ec744397d21d15b50a75264f", size = 11651048, upload-time = "2026-02-26T20:04:17.191Z" },
    { url = "https://files.pythonhosted.org/packages/3e/0a/9e1be9035b37448ce2e68c978f0591da94389ade5a5abafa4cf99985d1b2/ruff-0.15.4-py3-none-win_arm64.whl", hash = "sha256:60d5177e8cfc70e51b9c5fad936c634872a74209f934c1e79107d11787ad5453", size = 10966776, upload-time = "2026-02-26T20:03:56.908Z" },
]

[[package]]
name = "ty"
version = "0.0.18"
source = { registry = "https://pypi.org/simple" }
sdist = { url = "https://files.pythonhosted.org/packages/74/15/9682700d8d60fdca7afa4febc83a2354b29cdcd56e66e19c92b521db3b39/ty-0.0.18.tar.gz", hash = "sha256:04ab7c3db5dcbcdac6ce62e48940d3a0124f377c05499d3f3e004e264ae94b83", size = 5214774, upload-time = "2026-02-20T21:51:31.173Z" }
wheels = [
    { url = "https://files.pythonhosted.org/packages/ae/d8/920460d4c22ea68fcdeb0b2fb53ea2aeb9c6d7875bde9278d84f2ac767b6/ty-0.0.18-py3-none-linux_armv6l.whl", hash = "sha256:4e5e91b0a79857316ef893c5068afc4b9872f9d257627d9bc8ac4d2715750d88", size = 10280825, upload-time = "2026-02-20T21:51:25.03Z" },
    { url = "https://files.pythonhosted.org/packages/83/56/62587de582d3d20d78fcdddd0594a73822ac5a399a12ef512085eb7a4de6/ty-0.0.18-py3-none-macosx_10_12_x86_64.whl", hash = "sha256:ee0e578b3f8416e2d5416da9553b78fd33857868aa1384cb7fefeceee5ff102d", size = 10118324, upload-time = "2026-02-20T21:51:22.27Z" },
    { url = "https://files.pythonhosted.org/packages/2f/2d/dbdace8d432a0755a7417f659bfd5b8a4261938ecbdfd7b42f4c454f5aa9/ty-0.0.18-py3-none-macosx_11_0_arm64.whl", hash = "sha256:3f7a0487d36b939546a91d141f7fc3dbea32fab4982f618d5b04dc9d5b6da21e", size = 9605861, upload-time = "2026-02-20T21:51:16.066Z" },
    { url = "https://files.pythonhosted.org/packages/6b/d9/de11c0280f778d5fc571393aada7fe9b8bc1dd6a738f2e2c45702b8b3150/ty-0.0.18-py3-none-manylinux_2_17_aarch64.manylinux2014_aarch64.whl", hash = "sha256:d5e2fa8d45f57ca487a470e4bf66319c09b561150e98ae2a6b1a97ef04c1a4eb", size = 10092701, upload-time = "2026-02-20T21:51:26.862Z" },
    { url = "https://files.pythonhosted.org/packages/0f/94/068d4d591d791041732171e7b63c37a54494b2e7d28e88d2167eaa9ad875/ty-0.0.18-py3-none-manylinux_2_17_armv7l.manylinux2014_armv7l.whl", hash = "sha256:d75652e9e937f7044b1aca16091193e7ef11dac1c7ec952b7fb8292b7ba1f5f2", size = 10109203, upload-time = "2026-02-20T21:51:11.59Z" },
    { url = "https://files.pythonhosted.org/packages/34/e4/526a4aa56dc0ca2569aaa16880a1ab105c3b416dd70e87e25a05688999f3/ty-0.0.18-py3-none-manylinux_2_17_i686.manylinux2014_i686.whl", hash = "sha256:563c868edceb8f6ddd5e91113c17d3676b028f0ed380bdb3829b06d9beb90e58", size = 10614200, upload-time = "2026-02-20T21:51:20.298Z" },
    { url = "https://files.pythonhosted.org/packages/fd/3d/b68ab20a34122a395880922587fbfc3adf090d22e0fb546d4d20fe8c2621/ty-0.0.18-py3-none-manylinux_2_17_ppc64le.manylinux2014_ppc64le.whl", hash = "sha256:502e2a1f948bec563a0454fc25b074bf5cf041744adba8794d024277e151d3b0", size = 11153232, upload-time = "2026-02-20T21:51:14.121Z" },
    { url = "https://files.pythonhosted.org/packages/68/ea/678243c042343fcda7e6af36036c18676c355878dcdcd517639586d2cf9e/ty-0.0.18-py3-none-manylinux_2_17_s390x.manylinux2014_s390x.whl", hash = "sha256:cc881dea97021a3aa29134a476937fd8054775c4177d01b94db27fcfb7aab65b", size = 10832934, upload-time = "2026-02-20T21:51:32.92Z" },
    { url = "https://files.pythonhosted.org/packages/d8/bd/7f8d647cef8b7b346c0163230a37e903c7461c7248574840b977045c77df/ty-0.0.18-py3-none-manylinux_2_17_x86_64.manylinux2014_x86_64.whl", hash = "sha256:421fcc3bc64cab56f48edb863c7c1c43649ec4d78ff71a1acb5366ad723b6021", size = 10700888, upload-time = "2026-02-20T21:51:09.673Z" },
    { url = "https://files.pythonhosted.org/packages/6e/06/cb3620dc48c5d335ba7876edfef636b2f4498eff4a262ff90033b9e88408/ty-0.0.18-py3-none-musllinux_1_2_aarch64.whl", hash = "sha256:0fe5038a7136a0e638a2fb1ad06e3d3c4045314c6ba165c9c303b9aeb4623d6c", size = 10078965, upload-time = "2026-02-20T21:51:07.678Z" },
    { url = "https://files.pythonhosted.org/packages/60/27/c77a5a84533fa3b685d592de7b4b108eb1f38851c40fac4e79cc56ec7350/ty-0.0.18-py3-none-musllinux_1_2_armv7l.whl", hash = "sha256:d123600a52372677613a719bbb780adeb9b68f47fb5f25acb09171de390e0035", size = 10134659, upload-time = "2026-02-20T21:51:18.311Z" },
    { url = "https://files.pythonhosted.org/packages/43/6e/60af6b88c73469e628ba5253a296da6984e0aa746206f3034c31f1a04ed1/ty-0.0.18-py3-none-musllinux_1_2_i686.whl", hash = "sha256:bb4bc11d32a1bf96a829bf6b9696545a30a196ac77bbc07cc8d3dfee35e03723", size = 10297494, upload-time = "2026-02-20T21:51:39.631Z" },
    { url = "https://files.pythonhosted.org/packages/33/90/612dc0b68224c723faed6adac2bd3f930a750685db76dfe17e6b9e534a83/ty-0.0.18-py3-none-musllinux_1_2_x86_64.whl", hash = "sha256:dda2efbf374ba4cd704053d04e32f2f784e85c2ddc2400006b0f96f5f7e4b667", size = 10791944, upload-time = "2026-02-20T21:51:37.13Z" },
    { url = "https://files.pythonhosted.org/packages/0d/da/f4ada0fd08a9e4138fe3fd2bcd3797753593f423f19b1634a814b9b2a401/ty-0.0.18-py3-none-win32.whl", hash = "sha256:c5768607c94977dacddc2f459ace6a11a408a0f57888dd59abb62d28d4fee4f7", size = 9677964, upload-time = "2026-02-20T21:51:42.039Z" },
    { url = "https://files.pythonhosted.org/packages/5e/fa/090ed9746e5c59fc26d8f5f96dc8441825171f1f47752f1778dad690b08b/ty-0.0.18-py3-none-win_amd64.whl", hash = "sha256:b78d0fa1103d36fc2fce92f2092adace52a74654ab7884d54cdaec8eb5016a4d", size = 10636576, upload-time = "2026-02-20T21:51:29.159Z" },
    { url = "https://files.pythonhosted.org/packages/92/4f/5dd60904c8105cda4d0be34d3a446c180933c76b84ae0742e58f02133713/ty-0.0.18-py3-none-win_arm64.whl", hash = "sha256:01770c3c82137c6b216aa3251478f0b197e181054ee92243772de553d3586398", size = 10095449, upload-time = "2026-02-20T21:51:34.914Z" },
]
