version = 1
revision = 3
requires-python = ">=3.14"

[[package]]
name = "dallal"
version = "0.1.0"
source = { virtual = "." }

[package.dev-dependencies]
dev = [
    { name = "ruff" },
    { name = "ty" },
]

[package.metadata]

[package.metadata.requires-dev]
dev = [
    { name = "ruff", specifier = ">=0.14.13" },
    { name = "ty", specifier = ">=0.0.12" },
]

[[package]]
name = "ruff"
version = "0.15.2"
source = { registry = "https://pypi.org/simple" }
sdist = { url = "https://files.pythonhosted.org/packages/06/04/eab13a954e763b0606f460443fcbf6bb5a0faf06890ea3754ff16523dce5/ruff-0.15.2.tar.gz", hash = "sha256:14b965afee0969e68bb871eba625343b8673375f457af4abe98553e8bbb98342", size = 4558148, upload-time = "2026-02-19T22:32:20.271Z" }
wheels = [
    { url = "https://files.pythonhosted.org/packages/2f/70/3a4dc6d09b13cb3e695f28307e5d889b2e1a66b7af9c5e257e796695b0e6/ruff-0.15.2-py3-none-linux_armv6l.whl", hash = "sha256:120691a6fdae2f16d65435648160f5b81a9625288f75544dc40637436b5d3c0d", size = 10430565, upload-time = "2026-02-19T22:32:41.824Z" },
    { url = "https://files.pythonhosted.org/packages/71/0b/bb8457b56185ece1305c666dc895832946d24055be90692381c31d57466d/ruff-0.15.2-py3-none-macosx_10_12_x86_64.whl", hash = "sha256:a89056d831256099658b6bba4037ac6dd06f49d194199215befe2bb10457ea5e", size = 10820354, upload-time = "2026-02-19T22:32:07.366Z" },
    { url = "https://files.pythonhosted.org/packages/2d/c1/e0532d7f9c9e0b14c46f61b14afd563298b8b83f337b6789ddd987e46121/ruff-0.15.2-py3-none-macosx_11_0_arm64.whl", hash = "sha256:e36dee3a64be0ebd23c86ffa3aa3fd3ac9a712ff295e192243f814a830b6bd87", size = 10170767, upload-time = "2026-02-19T22:32:13.188Z" },
    { url = "https://files.pythonhosted.org/packages/47/e8/da1aa341d3af017a21c7a62fb5ec31d4e7ad0a93ab80e3a508316efbcb23/ruff-0.15.2-py3-none-manylinux_2_17_aarch64.manylinux2014_aarch64.whl", hash = "sha256:a9fb47b6d9764677f8c0a193c0943ce9a05d6763523f132325af8a858eadc2b9", size = 10529591, upload-time = "2026-02-19T22:32:02.547Z" },
    { url = "https://files.pythonhosted.org/packages/93/74/184fbf38e9f3510231fbc5e437e808f0b48c42d1df9434b208821efcd8d6/ruff-0.15.2-py3-none-manylinux_2_17_armv7l.manylinux2014_armv7l.whl", hash = "sha256:f376990f9d0d6442ea9014b19621d8f2aaf2b8e39fdbfc79220b7f0c596c9b80", size = 10260771, upload-time = "2026-02-19T22:32:36.938Z" },
    { url = "https://files.pythonhosted.org/packages/05/ac/605c20b8e059a0bc4b42360414baa4892ff278cec1c91fff4be0dceedefd/ruff-0.15.2-py3-none-manylinux_2_17_i686.manylinux2014_i686.whl", hash = "sha256:2dcc987551952d73cbf5c88d9fdee815618d497e4df86cd4c4824cc59d5dd75f", size = 11045791, upload-time = "2026-02-19T22:32:31.642Z" },
    { url = "https://files.pythonhosted.org/packages/fd/52/db6e419908f45a894924d410ac77d64bdd98ff86901d833364251bd08e22/ruff-0.15.2-py3-none-manylinux_2_17_ppc64le.manylinux2014_ppc64le.whl", hash = "sha256:42a47fd785cbe8c01b9ff45031af875d101b040ad8f4de7bbb716487c74c9a77", size = 11879271, upload-time = "2026-02-19T22:32:29.305Z" },
    { url = "https://files.pythonhosted.org/packages/3e/d8/7992b18f2008bdc9231d0f10b16df7dda964dbf639e2b8b4c1b4e91b83af/ruff-0.15.2-py3-none-manylinux_2_17_s390x.manylinux2014_s390x.whl", hash = "sha256:cbe9f49354866e575b4c6943856989f966421870e85cd2ac94dccb0a9dcb2fea", size = 11303707, upload-time = "2026-02-19T22:32:22.492Z" },
    { url = "https://files.pythonhosted.org/packages/d7/02/849b46184bcfdd4b64cde61752cc9a146c54759ed036edd11857e9b8443b/ruff-0.15.2-py3-none-manylinux_2_17_x86_64.manylinux2014_x86_64.whl", hash = "sha256:b7a672c82b5f9887576087d97be5ce439f04bbaf548ee987b92d3a7dede41d3a", size = 11149151, upload-time = "2026-02-19T22:32:44.234Z" },
    { url = "https://files.pythonhosted.org/packages/70/04/f5284e388bab60d1d3b99614a5a9aeb03e0f333847e2429bebd2aaa1feec/ruff-0.15.2-py3-none-manylinux_2_31_riscv64.whl", hash = "sha256:72ecc64f46f7019e2bcc3cdc05d4a7da958b629a5ab7033195e11a438403d956", size = 11091132, upload-time = "2026-02-19T22:32:24.691Z" },
    { url = "https://files.pythonhosted.org/packages/fa/ae/88d844a21110e14d92cf73d57363fab59b727ebeabe78009b9ccb23500af/ruff-0.15.2-py3-none-musllinux_1_2_aarch64.whl", hash = "sha256:8dcf243b15b561c655c1ef2f2b0050e5d50db37fe90115507f6ff37d865dc8b4", size = 10504717, upload-time = "2026-02-19T22:32:26.75Z" },
    { url = "https://files.pythonhosted.org/packages/64/27/867076a6ada7f2b9c8292884ab44d08fd2ba71bd2b5364d4136f3cd537e1/ruff-0.15.2-py3-none-musllinux_1_2_armv7l.whl", hash = "sha256:dab6941c862c05739774677c6273166d2510d254dac0695c0e3f5efa1b5585de", size = 10263122, upload-time = "2026-02-19T22:32:10.036Z" },
    { url = "https://files.pythonhosted.org/packages/e7/ef/faf9321d550f8ebf0c6373696e70d1758e20ccdc3951ad7af00c0956be7c/ruff-0.15.2-py3-none-musllinux_1_2_i686.whl", hash = "sha256:1b9164f57fc36058e9a6806eb92af185b0697c9fe4c7c52caa431c6554521e5c", size = 10735295, upload-time = "2026-02-19T22:32:39.227Z" },
    { url = "https://files.pythonhosted.org/packages/2f/55/e8089fec62e050ba84d71b70e7834b97709ca9b7aba10c1a0b196e493f97/ruff-0.15.2-py3-none-musllinux_1_2_x86_64.whl", hash = "sha256:80d24fcae24d42659db7e335b9e1531697a7102c19185b8dc4a028b952865fd8", size = 11241641, upload-time = "2026-02-19T22:32:34.617Z" },
    { url = "https://files.pythonhosted.org/packages/23/01/1c30526460f4d23222d0fabd5888868262fd0e2b71a00570ca26483cd993/ruff-0.15.2-py3-none-win32.whl", hash = "sha256:fd5ff9e5f519a7e1bd99cbe8daa324010a74f5e2ebc97c6242c08f26f3714f6f", size = 10507885, upload-time = "2026-02-19T22:32:15.635Z" },
    { url = "https://files.pythonhosted.org/packages/5c/10/3d18e3bbdf8fc50bbb4ac3cc45970aa5a9753c5cb51bf9ed9a3cd8b79fa3/ruff-0.15.2-py3-none-win_amd64.whl", hash = "sha256:d20014e3dfa400f3ff84830dfb5755ece2de45ab62ecea4af6b7262d0fb4f7c5", size = 11623725, upload-time = "2026-02-19T22:32:04.947Z" },
    { url = "https://files.pythonhosted.org/packages/6d/78/097c0798b1dab9f8affe73da9642bb4500e098cb27fd8dc9724816ac747b/ruff-0.15.2-py3-none-win_arm64.whl", hash = "sha256:cabddc5822acdc8f7b5527b36ceac55cc51eec7b1946e60181de8fe83ca8876e", size = 10941649, upload-time = "2026-02-19T22:32:18.108Z" },
]

[[package]]
name = "ty"
version = "0.0.17"
source = { registry = "https://pypi.org/simple" }
sdist = { url = "https://files.pythonhosted.org/packages/66/c3/41ae6346443eedb65b96761abfab890a48ce2aa5a8a27af69c5c5d99064d/ty-0.0.17.tar.gz", hash = "sha256:847ed6c120913e280bf9b54d8eaa7a1049708acb8824ad234e71498e8ad09f97", size = 5167209, upload-time = "2026-02-13T13:26:36.835Z" }
wheels = [
    { url = "https://files.pythonhosted.org/packages/c0/01/0ef15c22a1c54b0f728ceff3f62d478dbf8b0dcf8ff7b80b954f79584f3e/ty-0.0.17-py3-none-linux_armv6l.whl", hash = "sha256:64a9a16555cc8867d35c2647c2f1afbd3cae55f68fd95283a574d1bb04fe93e0", size = 10192793, upload-time = "2026-02-13T13:27:13.943Z" },
    { url = "https://files.pythonhosted.org/packages/0f/2c/f4c322d9cded56edc016b1092c14b95cf58c8a33b4787316ea752bb9418e/ty-0.0.17-py3-none-macosx_10_12_x86_64.whl", hash = "sha256:eb2dbd8acd5c5a55f4af0d479523e7c7265a88542efe73ed3d696eb1ba7b6454", size = 10051977, upload-time = "2026-02-13T13:26:57.741Z" },
    { url = "https://files.pythonhosted.org/packages/4c/a5/43746c1ff81e784f5fc303afc61fe5bcd85d0fcf3ef65cb2cef78c7486c7/ty-0.0.17-py3-none-macosx_11_0_arm64.whl", hash = "sha256:f18f5fd927bc628deb9ea2df40f06b5f79c5ccf355db732025a3e8e7152801f6", size = 9564639, upload-time = "2026-02-13T13:26:42.781Z" },
    { url = "https://files.pythonhosted.org/packages/d6/b8/280b04e14a9c0474af574f929fba2398b5e1c123c1e7735893b4cd73d13c/ty-0.0.17-py3-none-manylinux_2_17_aarch64.manylinux2014_aarch64.whl", hash = "sha256:5383814d1d7a5cc53b3b07661856bab04bb2aac7a677c8d33c55169acdaa83df", size = 10061204, upload-time = "2026-02-13T13:27:00.152Z" },
    { url = "https://files.pythonhosted.org/packages/2a/d7/493e1607d8dfe48288d8a768a2adc38ee27ef50e57f0af41ff273987cda0/ty-0.0.17-py3-none-manylinux_2_17_armv7l.manylinux2014_armv7l.whl", hash = "sha256:9c20423b8744b484f93e7bf2ef8a9724bca2657873593f9f41d08bd9f83444c9", size = 10013116, upload-time = "2026-02-13T13:26:34.543Z" },
    { url = "https://files.pythonhosted.org/packages/80/ef/22f3ed401520afac90dbdf1f9b8b7755d85b0d5c35c1cb35cf5bd11b59c2/ty-0.0.17-py3-none-manylinux_2_17_i686.manylinux2014_i686.whl", hash = "sha256:e6f5b1aba97db9af86517b911674b02f5bc310750485dc47603a105bd0e83ddd", size = 10533623, upload-time = "2026-02-13T13:26:31.449Z" },
    { url = "https://files.pythonhosted.org/packages/75/ce/744b15279a11ac7138832e3a55595706b4a8a209c9f878e3ab8e571d9032/ty-0.0.17-py3-none-manylinux_2_17_ppc64le.manylinux2014_ppc64le.whl", hash = "sha256:488bce1a9bea80b851a97cd34c4d2ffcd69593d6c3f54a72ae02e5c6e47f3d0c", size = 11069750, upload-time = "2026-02-13T13:26:48.638Z" },
    { url = "https://files.pythonhosted.org/packages/f2/be/1133c91f15a0e00d466c24f80df486d630d95d1b2af63296941f7473812f/ty-0.0.17-py3-none-manylinux_2_17_s390x.manylinux2014_s390x.whl", hash = "sha256:8df66b91ec84239420985ec215e7f7549bfda2ac036a3b3c065f119d1c06825a", size = 10870862, upload-time = "2026-02-13T13:26:54.715Z" },
    { url = "https://files.pythonhosted.org/packages/3e/4a/a2ed209ef215b62b2d3246e07e833081e07d913adf7e0448fc204be443d6/ty-0.0.17-py3-none-manylinux_2_17_x86_64.manylinux2014_x86_64.whl", hash = "sha256:002139e807c53002790dfefe6e2f45ab0e04012e76db3d7c8286f96ec121af8f", size = 10628118, upload-time = "2026-02-13T13:26:45.439Z" },
    { url = "https://files.pythonhosted.org/packages/b3/0c/87476004cb5228e9719b98afffad82c3ef1f84334bde8527bcacba7b18cb/ty-0.0.17-py3-none-musllinux_1_2_aarch64.whl", hash = "sha256:6c4e01f05ce82e5d489ab3900ca0899a56c4ccb52659453780c83e5b19e2b64c", size = 10038185, upload-time = "2026-02-13T13:27:02.693Z" },
    { url = "https://files.pythonhosted.org/packages/46/4b/98f0b3ba9aef53c1f0305519536967a4aa793a69ed72677b0a625c5313ac/ty-0.0.17-py3-none-musllinux_1_2_armv7l.whl", hash = "sha256:2b226dd1e99c0d2152d218c7e440150d1a47ce3c431871f0efa073bbf899e881", size = 10047644, upload-time = "2026-02-13T13:27:05.474Z" },
    { url = "https://files.pythonhosted.org/packages/93/e0/06737bb80aa1a9103b8651d2eb691a7e53f1ed54111152be25f4a02745db/ty-0.0.17-py3-none-musllinux_1_2_i686.whl", hash = "sha256:8b11f1da7859e0ad69e84b3c5ef9a7b055ceed376a432fad44231bdfc48061c2", size = 10231140, upload-time = "2026-02-13T13:27:10.844Z" },
    { url = "https://files.pythonhosted.org/packages/7c/79/e2a606bd8852383ba9abfdd578f4a227bd18504145381a10a5f886b4e751/ty-0.0.17-py3-none-musllinux_1_2_x86_64.whl", hash = "sha256:c04e196809ff570559054d3e011425fd7c04161529eb551b3625654e5f2434cb", size = 10718344, upload-time = "2026-02-13T13:26:51.66Z" },
    { url = "https://files.pythonhosted.org/packages/c5/2d/2663984ac11de6d78f74432b8b14ba64d170b45194312852b7543cf7fd56/ty-0.0.17-py3-none-win32.whl", hash = "sha256:305b6ed150b2740d00a817b193373d21f0767e10f94ac47abfc3b2e5a5aec809", size = 9672932, upload-time = "2026-02-13T13:27:08.522Z" },
    { url = "https://files.pythonhosted.org/packages/de/b5/39be78f30b31ee9f5a585969930c7248354db90494ff5e3d0756560fb731/ty-0.0.17-py3-none-win_amd64.whl", hash = "sha256:531828267527aee7a63e972f54e5eee21d9281b72baf18e5c2850c6b862add83", size = 10542138, upload-time = "2026-02-13T13:27:17.084Z" },
    { url = "https://files.pythonhosted.org/packages/40/b7/f875c729c5d0079640c75bad2c7e5d43edc90f16ba242f28a11966df8f65/ty-0.0.17-py3-none-win_arm64.whl", hash = "sha256:de9810234c0c8d75073457e10a84825b9cd72e6629826b7f01c7a0b266ae25b1", size = 10023068, upload-time = "2026-02-13T13:26:39.637Z" },
]
