version = 1
revision = 3
requires-python = ">=3.14"

[[package]]
name = "dallal"
version = "0.1.0"
source = { virtual = "." }

[package.dev-dependencies]
dev = [
    { name = "ruff" },
    { name = "ty" },
]

[package.metadata]

[package.metadata.requires-dev]
dev = [
    { name = "ruff", specifier = ">=0.14.13" },
    { name = "ty", specifier = ">=0.0.12" },
]

[[package]]
name = "ruff"
version = "0.14.13"
source = { registry = "https://pypi.org/simple" }
sdist = { url = "https://files.pythonhosted.org/packages/50/0a/1914efb7903174b381ee2ffeebb4253e729de57f114e63595114c8ca451f/ruff-0.14.13.tar.gz", hash = "sha256:83cd6c0763190784b99650a20fec7633c59f6ebe41c5cc9d45ee42749563ad47", size = 6059504, upload-time = "2026-01-15T20:15:16.918Z" }
wheels = [
    { url = "https://files.pythonhosted.org/packages/c3/ae/0deefbc65ca74b0ab1fd3917f94dc3b398233346a74b8bbb0a916a1a6bf6/ruff-0.14.13-py3-none-linux_armv6l.whl", hash = "sha256:76f62c62cd37c276cb03a275b198c7c15bd1d60c989f944db08a8c1c2dbec18b", size = 13062418, upload-time = "2026-01-15T20:14:50.779Z" },
    { url = "https://files.pythonhosted.org/packages/47/df/5916604faa530a97a3c154c62a81cb6b735c0cb05d1e26d5ad0f0c8ac48a/ruff-0.14.13-py3-none-macosx_10_12_x86_64.whl", hash = "sha256:914a8023ece0528d5cc33f5a684f5f38199bbb566a04815c2c211d8f40b5d0ed", size = 13442344, upload-time = "2026-01-15T20:15:07.94Z" },
    { url = "https://files.pythonhosted.org/packages/4c/f3/e0e694dd69163c3a1671e102aa574a50357536f18a33375050334d5cd517/ruff-0.14.13-py3-none-macosx_11_0_arm64.whl", hash = "sha256:d24899478c35ebfa730597a4a775d430ad0d5631b8647a3ab368c29b7e7bd063", size = 12354720, upload-time = "2026-01-15T20:15:09.854Z" },
    { url = "https://files.pythonhosted.org/packages/c3/e8/67f5fcbbaee25e8fc3b56cc33e9892eca7ffe09f773c8e5907757a7e3bdb/ruff-0.14.13-py3-none-manylinux_2_17_aarch64.manylinux2014_aarch64.whl", hash = "sha256:9aaf3870f14d925bbaf18b8a2347ee0ae7d95a2e490e4d4aea6813ed15ebc80e", size = 12774493, upload-time = "2026-01-15T20:15:20.908Z" },
    { url = "https://files.pythonhosted.org/packages/6b/ce/d2e9cb510870b52a9565d885c0d7668cc050e30fa2c8ac3fb1fda15c083d/ruff-0.14.13-py3-none-manylinux_2_17_armv7l.manylinux2014_armv7l.whl", hash = "sha256:ac5b7f63dd3b27cc811850f5ffd8fff845b00ad70e60b043aabf8d6ecc304e09", size = 12815174, upload-time = "2026-01-15T20:15:05.74Z" },
    { url = "https://files.pythonhosted.org/packages/88/00/c38e5da58beebcf4fa32d0ddd993b63dfacefd02ab7922614231330845bf/ruff-0.14.13-py3-none-manylinux_2_17_i686.manylinux2014_i686.whl", hash = "sha256:78d2b1097750d90ba82ce4ba676e85230a0ed694178ca5e61aa9b459970b3eb9", size = 13680909, upload-time = "2026-01-15T20:15:14.537Z" },
    { url = "https://files.pythonhosted.org/packages/61/61/cd37c9dd5bd0a3099ba79b2a5899ad417d8f3b04038810b0501a80814fd7/ruff-0.14.13-py3-none-manylinux_2_17_ppc64.manylinux2014_ppc64.whl", hash = "sha256:7d0bf87705acbbcb8d4c24b2d77fbb73d40210a95c3903b443cd9e30824a5032", size = 15144215, upload-time = "2026-01-15T20:15:22.886Z" },
    { url = "https://files.pythonhosted.org/packages/56/8a/85502d7edbf98c2df7b8876f316c0157359165e16cdf98507c65c8d07d3d/ruff-0.14.13-py3-none-manylinux_2_17_ppc64le.manylinux2014_ppc64le.whl", hash = "sha256:a3eb5da8e2c9e9f13431032fdcbe7681de9ceda5835efee3269417c13f1fed5c", size = 14706067, upload-time = "2026-01-15T20:14:48.271Z" },
    { url = "https://files.pythonhosted.org/packages/7e/2f/de0df127feb2ee8c1e54354dc1179b4a23798f0866019528c938ba439aca/ruff-0.14.13-py3-none-manylinux_2_17_s390x.manylinux2014_s390x.whl", hash = "sha256:642442b42957093811cd8d2140dfadd19c7417030a7a68cf8d51fcdd5f217427", size = 14133916, upload-time = "2026-01-15T20:14:57.357Z" },
    { url = "https://files.pythonhosted.org/packages/0d/77/9b99686bb9fe07a757c82f6f95e555c7a47801a9305576a9c67e0a31d280/ruff-0.14.13-py3-none-manylinux_2_17_x86_64.manylinux2014_x86_64.whl", hash = "sha256:4acdf009f32b46f6e8864af19cbf6841eaaed8638e65c8dac845aea0d703c841", size = 13859207, upload-time = "2026-01-15T20:14:55.111Z" },
    { url = "https://files.pythonhosted.org/packages/7d/46/2bdcb34a87a179a4d23022d818c1c236cb40e477faf0d7c9afb6813e5876/ruff-0.14.13-py3-none-manylinux_2_31_riscv64.whl", hash = "sha256:591a7f68860ea4e003917d19b5c4f5ac39ff558f162dc753a2c5de897fd5502c", size = 14043686, upload-time = "2026-01-15T20:14:52.841Z" },
    { url = "https://files.pythonhosted.org/packages/1a/a9/5c6a4f56a0512c691cf143371bcf60505ed0f0860f24a85da8bd123b2bf1/ruff-0.14.13-py3-none-musllinux_1_2_aarch64.whl", hash = "sha256:774c77e841cc6e046fc3e91623ce0903d1cd07e3a36b1a9fe79b81dab3de506b", size = 12663837, upload-time = "2026-01-15T20:15:18.921Z" },
    { url = "https://files.pythonhosted.org/packages/fe/bb/b920016ece7651fa7fcd335d9d199306665486694d4361547ccb19394c44/ruff-0.14.13-py3-none-musllinux_1_2_armv7l.whl", hash = "sha256:61f4e40077a1248436772bb6512db5fc4457fe4c49e7a94ea7c5088655dd21ae", size = 12805867, upload-time = "2026-01-15T20:14:59.272Z" },
    { url = "https://files.pythonhosted.org/packages/7d/b3/0bd909851e5696cd21e32a8fc25727e5f58f1934b3596975503e6e85415c/ruff-0.14.13-py3-none-musllinux_1_2_i686.whl", hash = "sha256:6d02f1428357fae9e98ac7aa94b7e966fd24151088510d32cf6f902d6c09235e", size = 13208528, upload-time = "2026-01-15T20:15:03.732Z" },
    { url = "https://files.pythonhosted.org/packages/3b/3b/e2d94cb613f6bbd5155a75cbe072813756363eba46a3f2177a1fcd0cd670/ruff-0.14.13-py3-none-musllinux_1_2_x86_64.whl", hash = "sha256:e399341472ce15237be0c0ae5fbceca4b04cd9bebab1a2b2c979e015455d8f0c", size = 13929242, upload-time = "2026-01-15T20:15:11.918Z" },
    { url = "https://files.pythonhosted.org/packages/6a/c5/abd840d4132fd51a12f594934af5eba1d5d27298a6f5b5d6c3be45301caf/ruff-0.14.13-py3-none-win32.whl", hash = "sha256:ef720f529aec113968b45dfdb838ac8934e519711da53a0456038a0efecbd680", size = 12919024, upload-time = "2026-01-15T20:14:43.647Z" },
    { url = "https://files.pythonhosted.org/packages/c2/55/6384b0b8ce731b6e2ade2b5449bf07c0e4c31e8a2e68ea65b3bafadcecc5/ruff-0.14.13-py3-none-win_amd64.whl", hash = "sha256:6070bd026e409734b9257e03e3ef18c6e1a216f0435c6751d7a8ec69cb59abef", size = 14097887, upload-time = "2026-01-15T20:15:01.48Z" },
    { url = "https://files.pythonhosted.org/packages/4d/e1/7348090988095e4e39560cfc2f7555b1b2a7357deba19167b600fdf5215d/ruff-0.14.13-py3-none-win_arm64.whl", hash = "sha256:7ab819e14f1ad9fe39f246cfcc435880ef7a9390d81a2b6ac7e01039083dd247", size = 13080224, upload-time = "2026-01-15T20:14:45.853Z" },
]

[[package]]
name = "ty"
version = "0.0.13"
source = { registry = "https://pypi.org/simple" }
sdist = { url = "https://files.pythonhosted.org/packages/5a/dc/b607f00916f5a7c52860b84a66dc17bc6988e8445e96b1d6e175a3837397/ty-0.0.13.tar.gz", hash = "sha256:7a1d135a400ca076407ea30012d1f75419634160ed3b9cad96607bf2956b23b3", size = 4999183, upload-time = "2026-01-21T13:21:16.133Z" }
wheels = [
    { url = "https://files.pythonhosted.org/packages/1a/df/3632f1918f4c0a33184f107efc5d436ab6da147fd3d3b94b3af6461efbf4/ty-0.0.13-py3-none-linux_armv6l.whl", hash = "sha256:1b2b8e02697c3a94c722957d712a0615bcc317c9b9497be116ef746615d892f2", size = 9993501, upload-time = "2026-01-21T13:21:26.628Z" },
    { url = "https://files.pythonhosted.org/packages/92/87/6a473ced5ac280c6ce5b1627c71a8a695c64481b99aabc798718376a441e/ty-0.0.13-py3-none-macosx_10_12_x86_64.whl", hash = "sha256:f15cdb8e233e2b5adfce673bb21f4c5e8eaf3334842f7eea3c70ac6fda8c1de5", size = 9860986, upload-time = "2026-01-21T13:21:24.425Z" },
    { url = "https://files.pythonhosted.org/packages/5d/9b/d89ae375cf0a7cd9360e1164ce017f8c753759be63b6a11ed4c944abe8c6/ty-0.0.13-py3-none-macosx_11_0_arm64.whl", hash = "sha256:0819e89ac9f0d8af7a062837ce197f0461fee2fc14fd07e2c368780d3a397b73", size = 9350748, upload-time = "2026-01-21T13:21:28.502Z" },
    { url = "https://files.pythonhosted.org/packages/a8/a6/9ad58518056fab344b20c0bb2c1911936ebe195318e8acc3bc45ac1c6b6b/ty-0.0.13-py3-none-manylinux_2_17_aarch64.manylinux2014_aarch64.whl", hash = "sha256:1de79f481084b7cc7a202ba0d7a75e10970d10ffa4f025b23f2e6b7324b74886", size = 9849884, upload-time = "2026-01-21T13:21:21.886Z" },
    { url = "https://files.pythonhosted.org/packages/b1/c3/8add69095fa179f523d9e9afcc15a00818af0a37f2b237a9b59bc0046c34/ty-0.0.13-py3-none-manylinux_2_17_armv7l.manylinux2014_armv7l.whl", hash = "sha256:4fb2154cff7c6e95d46bfaba283c60642616f20d73e5f96d0c89c269f3e1bcec", size = 9822975, upload-time = "2026-01-21T13:21:14.292Z" },
    { url = "https://files.pythonhosted.org/packages/a4/05/4c0927c68a0a6d43fb02f3f0b6c19c64e3461dc8ed6c404dde0efb8058f7/ty-0.0.13-py3-none-manylinux_2_17_i686.manylinux2014_i686.whl", hash = "sha256:00be58d89337c27968a20d58ca553458608c5b634170e2bec82824c2e4cf4d96", size = 10294045, upload-time = "2026-01-21T13:21:30.505Z" },
    { url = "https://files.pythonhosted.org/packages/b4/86/6dc190838aba967557fe0bfd494c595d00b5081315a98aaf60c0e632aaeb/ty-0.0.13-py3-none-manylinux_2_17_ppc64le.manylinux2014_ppc64le.whl", hash = "sha256:72435eade1fa58c6218abb4340f43a6c3ff856ae2dc5722a247d3a6dd32e9737", size = 10916460, upload-time = "2026-01-21T13:21:07.788Z" },
    { url = "https://files.pythonhosted.org/packages/04/40/9ead96b7c122e1109dfcd11671184c3506996bf6a649306ec427e81d9544/ty-0.0.13-py3-none-manylinux_2_17_s390x.manylinux2014_s390x.whl", hash = "sha256:77a548742ee8f621d718159e7027c3b555051d096a49bb580249a6c5fc86c271", size = 10597154, upload-time = "2026-01-21T13:21:18.064Z" },
    { url = "https://files.pythonhosted.org/packages/aa/7d/e832a2c081d2be845dc6972d0c7998914d168ccbc0b9c86794419ab7376e/ty-0.0.13-py3-none-manylinux_2_17_x86_64.manylinux2014_x86_64.whl", hash = "sha256:da067c57c289b7cf914669704b552b6207c2cc7f50da4118c3e12388642e6b3f", size = 10410710, upload-time = "2026-01-21T13:21:12.388Z" },
    { url = "https://files.pythonhosted.org/packages/31/e3/898be3a96237a32f05c4c29b43594dc3b46e0eedfe8243058e46153b324f/ty-0.0.13-py3-none-musllinux_1_2_aarch64.whl", hash = "sha256:d1b50a01fffa140417fca5a24b658fbe0734074a095d5b6f0552484724474343", size = 9826299, upload-time = "2026-01-21T13:21:00.845Z" },
    { url = "https://files.pythonhosted.org/packages/bb/eb/db2d852ce0ed742505ff18ee10d7d252f3acfd6fc60eca7e9c7a0288a6d8/ty-0.0.13-py3-none-musllinux_1_2_armv7l.whl", hash = "sha256:0f33c46f52e5e9378378eca0d8059f026f3c8073ace02f7f2e8d079ddfe5207e", size = 9831610, upload-time = "2026-01-21T13:21:05.842Z" },
    { url = "https://files.pythonhosted.org/packages/9e/61/149f59c8abaddcbcbb0bd13b89c7741ae1c637823c5cf92ed2c644fcadef/ty-0.0.13-py3-none-musllinux_1_2_i686.whl", hash = "sha256:168eda24d9a0b202cf3758c2962cc295878842042b7eca9ed2965259f59ce9f2", size = 9978885, upload-time = "2026-01-21T13:21:10.306Z" },
    { url = "https://files.pythonhosted.org/packages/a0/cd/026d4e4af60a80918a8d73d2c42b8262dd43ab2fa7b28d9743004cb88d57/ty-0.0.13-py3-none-musllinux_1_2_x86_64.whl", hash = "sha256:d4917678b95dc8cb399cc459fab568ba8d5f0f33b7a94bf840d9733043c43f29", size = 10506453, upload-time = "2026-01-21T13:20:56.633Z" },
    { url = "https://files.pythonhosted.org/packages/63/06/8932833a4eca2df49c997a29afb26721612de8078ae79074c8fe87e17516/ty-0.0.13-py3-none-win32.whl", hash = "sha256:c1f2ec40daa405508b053e5b8e440fbae5fdb85c69c9ab0ee078f8bc00eeec3d", size = 9433482, upload-time = "2026-01-21T13:20:58.717Z" },
    { url = "https://files.pythonhosted.org/packages/aa/fd/e8d972d1a69df25c2cecb20ea50e49ad5f27a06f55f1f5f399a563e71645/ty-0.0.13-py3-none-win_amd64.whl", hash = "sha256:8b7b1ab9f187affbceff89d51076038363b14113be29bda2ddfa17116de1d476", size = 10319156, upload-time = "2026-01-21T13:21:03.266Z" },
    { url = "https://files.pythonhosted.org/packages/2d/c2/05fdd64ac003a560d4fbd1faa7d9a31d75df8f901675e5bed1ee2ceeff87/ty-0.0.13-py3-none-win_arm64.whl", hash = "sha256:1c9630333497c77bb9bcabba42971b96ee1f36c601dd3dcac66b4134f9fa38f0", size = 9808316, upload-time = "2026-01-21T13:20:54.053Z" },
]
